<?xml version="1.0" encoding="utf-8"?>
<Project ToolsVersion="4.0" xmlns="http://schemas.microsoft.com/developer/msbuild/2003">
  <ItemGroup>
    <Filter Include="Source Files">
      <UniqueIdentifier>{4FC737F1-C7A5-4376-A066-2A32D752A2FF}</UniqueIdentifier>
      <Extensions>cpp;c;cc;cxx;c++;cppm;ixx;def;odl;idl;hpj;bat;asm;asmx</Extensions>
    </Filter>
    <Filter Include="Header Files">
      <UniqueIdentifier>{93995380-89BD-4b04-88EB-625FBE52EBFB}</UniqueIdentifier>
      <Extensions>h;hh;hpp;hxx;h++;hm;inl;inc;ipp;xsd</Extensions>
    </Filter>
    <Filter Include="Resource Files">
      <UniqueIdentifier>{67DA6AB6-F800-4c08-8B7A-83BB121AAD01}</UniqueIdentifier>
      <Extensions>rc;ico;cur;bmp;dlg;rc2;rct;bin;rgs;gif;jpg;jpeg;jpe;resx;tiff;tif;png;wav;mfcribbon-ms</Extensions>
    </Filter>
  </ItemGroup>
  <ItemGroup>
    <ClCompile Include="main.cpp">
      <Filter>Source Files</Filter>
    </ClCompile>
    <ClCompile Include="src\Camera.cpp">
      <Filter>Source Files</Filter>
    </ClCompile>
    <ClCompile Include="src\Shader.cpp">
      <Filter>Source Files</Filter>
    </ClCompile>
    <ClCompile Include="imgui\imguiImpl.cpp">
      <Filter>Source Files</Filter>
    </ClCompile>
    <ClCompile Include="src\Core.cpp">
      <Filter>Source Files</Filter>
    </ClCompile>
    <ClCompile Include="src\GraphicModel.cpp">
      <Filter>Source Files</Filter>
    </ClCompile>
    <ClCompile Include="src\Texture.cpp">
      <Filter>Source Files</Filter>
    </ClCompile>
    <ClCompile Include="src\gl3d.cpp">
      <Filter>Source Files</Filter>
    </ClCompile>
  </ItemGroup>
  <ItemGroup>
    <ClInclude Include="src\Camera.h">
      <Filter>Header Files</Filter>
    </ClInclude>
    <ClInclude Include="src\Shader.h">
      <Filter>Header Files</Filter>
    </ClInclude>
    <ClInclude Include="src\Core.h">
      <Filter>Header Files</Filter>
    </ClInclude>
    <ClInclude Include="src\GraphicModel.h">
      <Filter>Header Files</Filter>
    </ClInclude>
    <ClInclude Include="src\Texture.h">
      <Filter>Header Files</Filter>
    </ClInclude>
    <ClInclude Include="src\gl3d.h">
      <Filter>Header Files</Filter>
    </ClInclude>
    <ClInclude Include="profiler.h">
      <Filter>Header Files</Filter>
    </ClInclude>
    <ClInclude Include="src\OBJ_Loader.h">
      <Filter>Header Files</Filter>
    </ClInclude>
    <ClInclude Include="src\tiny_gltf.h">
      <Filter>Header Files</Filter>
    </ClInclude>
    <ClInclude Include="src\json.h">
      <Filter>Header Files</Filter>
    </ClInclude>
    <ClInclude Include="src\stb_image_write.h">
      <Filter>Header Files</Filter>
    </ClInclude>
  </ItemGroup>
  <ItemGroup>
    <None Include="shaders\color.frag" />
    <None Include="shaders\color.vert" />
    <None Include="shaders\normals.frag" />
    <None Include="shaders\normals.vert" />
    <None Include="shaders\skyBox\skyBox.vert" />
    <None Include="shaders\skyBox\skyBox.frag" />
    <None Include="shaders\stencil.frag" />
    <None Include="shaders\stencil.vert" />
    <None Include="shaders\showNormals.frag" />
    <None Include="shaders\showNormals.geom" />
    <None Include="shaders\showNormals.vert" />
    <None Include="shaders\deferred\geometryPass.vert" />
    <None Include="shaders\deferred\geometryPass.frag" />
    <None Include="shaders\deferred\lightingPass.frag" />
    <None Include="shaders\ssao\ssao.frag" />
    <None Include="shaders\ssao\blur.frag" />
    <None Include="shaders\postProcess\postProcess.frag" />
    <None Include="shaders\postProcess\gausianBlur.frag" />
    <None Include="shaders\skyBox\hdrToCubeMap.vert" />
    <None Include="shaders\skyBox\hdrToCubeMap.frag" />
    <None Include="shaders\skyBox\convolute.frag" />
    <None Include="shaders\skyBox\preFilterSpecular.frag" />
    <None Include="shaders\modelLoader\mergePBRmat.frag" />
    <None Include="shaders\drawQuads.vert" />
    <None Include="shaders\deferred\zPrePass.frag" />
    <None Include="shaders\skyBox\atmosphericScattering.frag" />
    <None Include="resources\drawDepth.frag" />
    <None Include="shaders\shadows\varienceShadowMap.frag" />
    <None Include="shaders\aa\fxaa.frag" />
    <None Include="shaders\aa\noaa.frag" />
    <None Include="shaders\shadows\pointShadow.frag" />
    <None Include="shaders\shadows\pointShadow.geom" />
    <None Include="shaders\shadows\pointShadow.vert" />
    <None Include="shaders\postProcess\filter.frag" />
    <None Include="shaders\postProcess\addMips.frag" />
    <None Include="shaders\postProcess\filterDown.frag" />
    <None Include="shaders\postProcess\addMipsBlur.frag" />
    <None Include="shaders\deferred\zPrePass.vert" />
  </ItemGroup>
</Project>